{
  "name": "2020crazymap",
  "version": "1.0.0",
  "lockfileVersion": 1,
  "requires": true,
  "dependencies": {
    "heatmap.js": {
      "version": "2.0.5",
      "resolved": "https://registry.npmjs.org/heatmap.js/-/heatmap.js-2.0.5.tgz",
      "integrity": "sha1-Rm07hlE/XUkRKknSVwCrJzAUkVM="
    },
    "leaflet.tilelayer.colorfilter": {
      "version": "1.2.5",
      "resolved": "https://registry.npmjs.org/leaflet.tilelayer.colorfilter/-/leaflet.tilelayer.colorfilter-1.2.5.tgz",
      "integrity": "sha512-wUvqVlpEofDEDi0ocXApXAcz1l06RsNBEw3L/2ColaygDPERswgas2Jgv/DVrWrVd0HQAxDerwFqOtBI+zbw3w=="
    }
  }
}
